
Microsoft Visual Studio Solution File, Format Version 12.00
# Visual Studio 15
VisualStudioVersion = 15.0.28010.2036
MinimumVisualStudioVersion = 10.0.40219.1
Project("{888888A0-9F3D-457C-B088-3A5042F75D52}") = "DiscordTwitterBot", "DiscordTwitterBot\DiscordTwitterBot.pyproj", "{E9C40488-6135-432D-921A-83F5FBB368F1}"
EndProject
Global
	GlobalSection(SolutionConfigurationPlatforms) = preSolution
		Debug|Any CPU = Debug|Any CPU
		Release|Any CPU = Release|Any CPU
	EndGlobalSection
	GlobalSection(ProjectConfigurationPlatforms) = postSolution
		{E9C40488-6135-432D-921A-83F5FBB368F1}.Debug|Any CPU.ActiveCfg = Debug|Any CPU
		{E9C40488-6135-432D-921A-83F5FBB368F1}.Release|Any CPU.ActiveCfg = Release|Any CPU
	EndGlobalSection
	GlobalSection(SolutionProperties) = preSolution
		HideSolutionNode = FALSE
	EndGlobalSection
	GlobalSection(ExtensibilityGlobals) = postSolution
		SolutionGuid = {BE7F9870-0D95-40ED-B984-D4E60AF1980C}
	EndGlobalSection
EndGlobal
